
Microsoft Visual Studio Solution File, Format Version 12.00
# Visual Studio 14
VisualStudioVersion = 14.0.25123.0
MinimumVisualStudioVersion = 10.0.40219.1
Project("{FAE04EC0-301F-11D3-BF4B-00C04F79EFBC}") = "Application", "Application\Application.csproj", "{F06A236E-E5C1-48E5-89F1-91B40FD8FFF6}"
EndProject
Project("{FAE04EC0-301F-11D3-BF4B-00C04F79EFBC}") = "Domain", "Domain\Domain.csproj", "{DEFFFFE8-DC5B-42F4-BEB0-94920FDA7712}"
EndProject
Project("{FAE04EC0-301F-11D3-BF4B-00C04F79EFBC}") = "Persistence", "Persistence\Persistence.csproj", "{8EC55CA3-D78D-4112-B651-EDBA549D660E}"
EndProject
Project("{FAE04EC0-301F-11D3-BF4B-00C04F79EFBC}") = "Infrastructure", "Infrastructure\Infrastructure.csproj", "{1134A2E4-C112-46EC-9618-049D70960341}"
EndProject
Project("{FAE04EC0-301F-11D3-BF4B-00C04F79EFBC}") = "Common", "Common\Common.csproj", "{D7CE4D23-9D31-4D46-A250-2A6FA76E6CEA}"
EndProject
Project("{FAE04EC0-301F-11D3-BF4B-00C04F79EFBC}") = "API", "API\API.csproj", "{6A950FD8-218C-4F17-8411-C785BE18D28C}"
EndProject
Project("{FAE04EC0-301F-11D3-BF4B-00C04F79EFBC}") = "Presentation", "Presentation\Presentation.csproj", "{6B66C45C-E59E-447B-A53A-251D5B06DE17}"
EndProject
Project("{2150E333-8FDC-42A3-9474-1A3956D46DE8}") = "Tests", "Tests", "{12A9EDFA-F43C-4668-97BA-FA494D9110D8}"
EndProject
Project("{FAE04EC0-301F-11D3-BF4B-00C04F79EFBC}") = "ApplicationTests", "Tests\ApplicationTests\ApplicationTests.csproj", "{303BC43F-9B41-4ADE-88C6-276917B307BE}"
EndProject
Project("{FAE04EC0-301F-11D3-BF4B-00C04F79EFBC}") = "DomainTests", "Tests\DomainTests\DomainTests.csproj", "{2F4DE3B6-4CB1-451E-93CC-0993B05CCFB6}"
EndProject
Project("{FAE04EC0-301F-11D3-BF4B-00C04F79EFBC}") = "InfrastructureTests", "Tests\InfrastructureTests\InfrastructureTests.csproj", "{A4E069BA-0BD3-4CB9-9FF1-59D61D9A1951}"
EndProject
Global
	GlobalSection(SolutionConfigurationPlatforms) = preSolution
		Debug|Any CPU = Debug|Any CPU
		Release|Any CPU = Release|Any CPU
	EndGlobalSection
	GlobalSection(ProjectConfigurationPlatforms) = postSolution
		{F06A236E-E5C1-48E5-89F1-91B40FD8FFF6}.Debug|Any CPU.ActiveCfg = Debug|Any CPU
		{F06A236E-E5C1-48E5-89F1-91B40FD8FFF6}.Debug|Any CPU.Build.0 = Debug|Any CPU
		{F06A236E-E5C1-48E5-89F1-91B40FD8FFF6}.Release|Any CPU.ActiveCfg = Release|Any CPU
		{F06A236E-E5C1-48E5-89F1-91B40FD8FFF6}.Release|Any CPU.Build.0 = Release|Any CPU
		{DEFFFFE8-DC5B-42F4-BEB0-94920FDA7712}.Debug|Any CPU.ActiveCfg = Debug|Any CPU
		{DEFFFFE8-DC5B-42F4-BEB0-94920FDA7712}.Debug|Any CPU.Build.0 = Debug|Any CPU
		{DEFFFFE8-DC5B-42F4-BEB0-94920FDA7712}.Release|Any CPU.ActiveCfg = Release|Any CPU
		{DEFFFFE8-DC5B-42F4-BEB0-94920FDA7712}.Release|Any CPU.Build.0 = Release|Any CPU
		{8EC55CA3-D78D-4112-B651-EDBA549D660E}.Debug|Any CPU.ActiveCfg = Debug|Any CPU
		{8EC55CA3-D78D-4112-B651-EDBA549D660E}.Debug|Any CPU.Build.0 = Debug|Any CPU
		{8EC55CA3-D78D-4112-B651-EDBA549D660E}.Release|Any CPU.ActiveCfg = Release|Any CPU
		{8EC55CA3-D78D-4112-B651-EDBA549D660E}.Release|Any CPU.Build.0 = Release|Any CPU
		{1134A2E4-C112-46EC-9618-049D70960341}.Debug|Any CPU.ActiveCfg = Debug|Any CPU
		{1134A2E4-C112-46EC-9618-049D70960341}.Debug|Any CPU.Build.0 = Debug|Any CPU
		{1134A2E4-C112-46EC-9618-049D70960341}.Release|Any CPU.ActiveCfg = Release|Any CPU
		{1134A2E4-C112-46EC-9618-049D70960341}.Release|Any CPU.Build.0 = Release|Any CPU
		{D7CE4D23-9D31-4D46-A250-2A6FA76E6CEA}.Debug|Any CPU.ActiveCfg = Debug|Any CPU
		{D7CE4D23-9D31-4D46-A250-2A6FA76E6CEA}.Debug|Any CPU.Build.0 = Debug|Any CPU
		{D7CE4D23-9D31-4D46-A250-2A6FA76E6CEA}.Release|Any CPU.ActiveCfg = Release|Any CPU
		{D7CE4D23-9D31-4D46-A250-2A6FA76E6CEA}.Release|Any CPU.Build.0 = Release|Any CPU
		{6A950FD8-218C-4F17-8411-C785BE18D28C}.Debug|Any CPU.ActiveCfg = Debug|Any CPU
		{6A950FD8-218C-4F17-8411-C785BE18D28C}.Debug|Any CPU.Build.0 = Debug|Any CPU
		{6A950FD8-218C-4F17-8411-C785BE18D28C}.Release|Any CPU.ActiveCfg = Release|Any CPU
		{6A950FD8-218C-4F17-8411-C785BE18D28C}.Release|Any CPU.Build.0 = Release|Any CPU
		{6B66C45C-E59E-447B-A53A-251D5B06DE17}.Debug|Any CPU.ActiveCfg = Debug|Any CPU
		{6B66C45C-E59E-447B-A53A-251D5B06DE17}.Debug|Any CPU.Build.0 = Debug|Any CPU
		{6B66C45C-E59E-447B-A53A-251D5B06DE17}.Release|Any CPU.ActiveCfg = Release|Any CPU
		{6B66C45C-E59E-447B-A53A-251D5B06DE17}.Release|Any CPU.Build.0 = Release|Any CPU
		{303BC43F-9B41-4ADE-88C6-276917B307BE}.Debug|Any CPU.ActiveCfg = Debug|Any CPU
		{303BC43F-9B41-4ADE-88C6-276917B307BE}.Debug|Any CPU.Build.0 = Debug|Any CPU
		{303BC43F-9B41-4ADE-88C6-276917B307BE}.Release|Any CPU.ActiveCfg = Release|Any CPU
		{303BC43F-9B41-4ADE-88C6-276917B307BE}.Release|Any CPU.Build.0 = Release|Any CPU
		{2F4DE3B6-4CB1-451E-93CC-0993B05CCFB6}.Debug|Any CPU.ActiveCfg = Debug|Any CPU
		{2F4DE3B6-4CB1-451E-93CC-0993B05CCFB6}.Debug|Any CPU.Build.0 = Debug|Any CPU
		{2F4DE3B6-4CB1-451E-93CC-0993B05CCFB6}.Release|Any CPU.ActiveCfg = Release|Any CPU
		{2F4DE3B6-4CB1-451E-93CC-0993B05CCFB6}.Release|Any CPU.Build.0 = Release|Any CPU
		{A4E069BA-0BD3-4CB9-9FF1-59D61D9A1951}.Debug|Any CPU.ActiveCfg = Debug|Any CPU
		{A4E069BA-0BD3-4CB9-9FF1-59D61D9A1951}.Debug|Any CPU.Build.0 = Debug|Any CPU
		{A4E069BA-0BD3-4CB9-9FF1-59D61D9A1951}.Release|Any CPU.ActiveCfg = Release|Any CPU
		{A4E069BA-0BD3-4CB9-9FF1-59D61D9A1951}.Release|Any CPU.Build.0 = Release|Any CPU
	EndGlobalSection
	GlobalSection(SolutionProperties) = preSolution
		HideSolutionNode = FALSE
	EndGlobalSection
	GlobalSection(NestedProjects) = preSolution
		{303BC43F-9B41-4ADE-88C6-276917B307BE} = {12A9EDFA-F43C-4668-97BA-FA494D9110D8}
		{2F4DE3B6-4CB1-451E-93CC-0993B05CCFB6} = {12A9EDFA-F43C-4668-97BA-FA494D9110D8}
		{A4E069BA-0BD3-4CB9-9FF1-59D61D9A1951} = {12A9EDFA-F43C-4668-97BA-FA494D9110D8}
	EndGlobalSection
EndGlobal
